
Microsoft Visual Studio Solution File, Format Version 12.00
# Visual Studio 14
VisualStudioVersion = 14.0.25420.1
MinimumVisualStudioVersion = 10.0.40219.1
Project("{8BC9CEB8-8B4A-11D0-8D11-00A0C91BC942}") = "openjpeg", "openjpeg.vcxproj", "{B0587834-8B11-4AD4-93AA-FB554F50FAF1}"
EndProject
Project("{8BC9CEB8-8B4A-11D0-8D11-00A0C91BC942}") = "test_tile_encoder", "test_tile_encoder.vcxproj", "{BB63F36C-2EBB-46F4-AC8E-37F00136A873}"
EndProject
Project("{8BC9CEB8-8B4A-11D0-8D11-00A0C91BC942}") = "test_tile_decoder", "test_tile_decoder.vcxproj", "{AF28C906-0527-4BC9-9B4C-37621DCE8129}"
EndProject
Project("{8BC9CEB8-8B4A-11D0-8D11-00A0C91BC942}") = "compare_images", "compare_images.vcxproj", "{6857C709-A0B5-41DB-8B39-EF40350E0C8C}"
EndProject
Project("{8BC9CEB8-8B4A-11D0-8D11-00A0C91BC942}") = "compare_raw_files", "compare_raw_files.vcxproj", "{66A8B567-5430-4B31-8D44-69FF2A110B87}"
EndProject
Project("{8BC9CEB8-8B4A-11D0-8D11-00A0C91BC942}") = "compare_dump_files", "compare_dump_files.vcxproj", "{BCC48F01-E9A5-4E2E-859F-B64B972D13BA}"
EndProject
Global
	GlobalSection(SolutionConfigurationPlatforms) = preSolution
		Debug|Win32 = Debug|Win32
		Debug|x64 = Debug|x64
		DebugDLL|Win32 = DebugDLL|Win32
		DebugDLL|x64 = DebugDLL|x64
		Release|Win32 = Release|Win32
		Release|x64 = Release|x64
		ReleaseDLL|Win32 = ReleaseDLL|Win32
		ReleaseDLL|x64 = ReleaseDLL|x64
	EndGlobalSection
	GlobalSection(ProjectConfigurationPlatforms) = postSolution
		{B0587834-8B11-4AD4-93AA-FB554F50FAF1}.Debug|Win32.ActiveCfg = Debug|Win32
		{B0587834-8B11-4AD4-93AA-FB554F50FAF1}.Debug|Win32.Build.0 = Debug|Win32
		{B0587834-8B11-4AD4-93AA-FB554F50FAF1}.Debug|x64.ActiveCfg = Debug|x64
		{B0587834-8B11-4AD4-93AA-FB554F50FAF1}.Debug|x64.Build.0 = Debug|x64
		{B0587834-8B11-4AD4-93AA-FB554F50FAF1}.DebugDLL|Win32.ActiveCfg = DebugDLL|Win32
		{B0587834-8B11-4AD4-93AA-FB554F50FAF1}.DebugDLL|Win32.Build.0 = DebugDLL|Win32
		{B0587834-8B11-4AD4-93AA-FB554F50FAF1}.DebugDLL|x64.ActiveCfg = DebugDLL|x64
		{B0587834-8B11-4AD4-93AA-FB554F50FAF1}.DebugDLL|x64.Build.0 = DebugDLL|x64
		{B0587834-8B11-4AD4-93AA-FB554F50FAF1}.Release|Win32.ActiveCfg = Release|Win32
		{B0587834-8B11-4AD4-93AA-FB554F50FAF1}.Release|Win32.Build.0 = Release|Win32
		{B0587834-8B11-4AD4-93AA-FB554F50FAF1}.Release|x64.ActiveCfg = Release|x64
		{B0587834-8B11-4AD4-93AA-FB554F50FAF1}.Release|x64.Build.0 = Release|x64
		{B0587834-8B11-4AD4-93AA-FB554F50FAF1}.ReleaseDLL|Win32.ActiveCfg = ReleaseDLL|Win32
		{B0587834-8B11-4AD4-93AA-FB554F50FAF1}.ReleaseDLL|Win32.Build.0 = ReleaseDLL|Win32
		{B0587834-8B11-4AD4-93AA-FB554F50FAF1}.ReleaseDLL|x64.ActiveCfg = ReleaseDLL|x64
		{B0587834-8B11-4AD4-93AA-FB554F50FAF1}.ReleaseDLL|x64.Build.0 = ReleaseDLL|x64
		{BB63F36C-2EBB-46F4-AC8E-37F00136A873}.Debug|Win32.ActiveCfg = Debug|Win32
		{BB63F36C-2EBB-46F4-AC8E-37F00136A873}.Debug|Win32.Build.0 = Debug|Win32
		{BB63F36C-2EBB-46F4-AC8E-37F00136A873}.Debug|x64.ActiveCfg = Debug|x64
		{BB63F36C-2EBB-46F4-AC8E-37F00136A873}.Debug|x64.Build.0 = Debug|x64
		{BB63F36C-2EBB-46F4-AC8E-37F00136A873}.DebugDLL|Win32.ActiveCfg = DebugDLL|Win32
		{BB63F36C-2EBB-46F4-AC8E-37F00136A873}.DebugDLL|Win32.Build.0 = DebugDLL|Win32
		{BB63F36C-2EBB-46F4-AC8E-37F00136A873}.DebugDLL|x64.ActiveCfg = DebugDLL|x64
		{BB63F36C-2EBB-46F4-AC8E-37F00136A873}.DebugDLL|x64.Build.0 = DebugDLL|x64
		{BB63F36C-2EBB-46F4-AC8E-37F00136A873}.Release|Win32.ActiveCfg = Release|Win32
		{BB63F36C-2EBB-46F4-AC8E-37F00136A873}.Release|Win32.Build.0 = Release|Win32
		{BB63F36C-2EBB-46F4-AC8E-37F00136A873}.Release|x64.ActiveCfg = Release|x64
		{BB63F36C-2EBB-46F4-AC8E-37F00136A873}.Release|x64.Build.0 = Release|x64
		{BB63F36C-2EBB-46F4-AC8E-37F00136A873}.ReleaseDLL|Win32.ActiveCfg = ReleaseDLL|Win32
		{BB63F36C-2EBB-46F4-AC8E-37F00136A873}.ReleaseDLL|Win32.Build.0 = ReleaseDLL|Win32
		{BB63F36C-2EBB-46F4-AC8E-37F00136A873}.ReleaseDLL|x64.ActiveCfg = ReleaseDLL|x64
		{BB63F36C-2EBB-46F4-AC8E-37F00136A873}.ReleaseDLL|x64.Build.0 = ReleaseDLL|x64
		{AF28C906-0527-4BC9-9B4C-37621DCE8129}.Debug|Win32.ActiveCfg = Debug|Win32
		{AF28C906-0527-4BC9-9B4C-37621DCE8129}.Debug|Win32.Build.0 = Debug|Win32
		{AF28C906-0527-4BC9-9B4C-37621DCE8129}.Debug|x64.ActiveCfg = Debug|x64
		{AF28C906-0527-4BC9-9B4C-37621DCE8129}.Debug|x64.Build.0 = Debug|x64
		{AF28C906-0527-4BC9-9B4C-37621DCE8129}.DebugDLL|Win32.ActiveCfg = DebugDLL|Win32
		{AF28C906-0527-4BC9-9B4C-37621DCE8129}.DebugDLL|Win32.Build.0 = DebugDLL|Win32
		{AF28C906-0527-4BC9-9B4C-37621DCE8129}.DebugDLL|x64.ActiveCfg = DebugDLL|x64
		{AF28C906-0527-4BC9-9B4C-37621DCE8129}.DebugDLL|x64.Build.0 = DebugDLL|x64
		{AF28C906-0527-4BC9-9B4C-37621DCE8129}.Release|Win32.ActiveCfg = Release|Win32
		{AF28C906-0527-4BC9-9B4C-37621DCE8129}.Release|Win32.Build.0 = Release|Win32
		{AF28C906-0527-4BC9-9B4C-37621DCE8129}.Release|x64.ActiveCfg = Release|x64
		{AF28C906-0527-4BC9-9B4C-37621DCE8129}.Release|x64.Build.0 = Release|x64
		{AF28C906-0527-4BC9-9B4C-37621DCE8129}.ReleaseDLL|Win32.ActiveCfg = ReleaseDLL|Win32
		{AF28C906-0527-4BC9-9B4C-37621DCE8129}.ReleaseDLL|Win32.Build.0 = ReleaseDLL|Win32
		{AF28C906-0527-4BC9-9B4C-37621DCE8129}.ReleaseDLL|x64.ActiveCfg = ReleaseDLL|x64
		{AF28C906-0527-4BC9-9B4C-37621DCE8129}.ReleaseDLL|x64.Build.0 = ReleaseDLL|x64
		{6857C709-A0B5-41DB-8B39-EF40350E0C8C}.Debug|Win32.ActiveCfg = Debug|Win32
		{6857C709-A0B5-41DB-8B39-EF40350E0C8C}.Debug|Win32.Build.0 = Debug|Win32
		{6857C709-A0B5-41DB-8B39-EF40350E0C8C}.Debug|x64.ActiveCfg = Debug|x64
		{6857C709-A0B5-41DB-8B39-EF40350E0C8C}.Debug|x64.Build.0 = Debug|x64
		{6857C709-A0B5-41DB-8B39-EF40350E0C8C}.DebugDLL|Win32.ActiveCfg = DebugDLL|Win32
		{6857C709-A0B5-41DB-8B39-EF40350E0C8C}.DebugDLL|Win32.Build.0 = DebugDLL|Win32
		{6857C709-A0B5-41DB-8B39-EF40350E0C8C}.DebugDLL|x64.ActiveCfg = DebugDLL|x64
		{6857C709-A0B5-41DB-8B39-EF40350E0C8C}.DebugDLL|x64.Build.0 = DebugDLL|x64
		{6857C709-A0B5-41DB-8B39-EF40350E0C8C}.Release|Win32.ActiveCfg = Release|Win32
		{6857C709-A0B5-41DB-8B39-EF40350E0C8C}.Release|Win32.Build.0 = Release|Win32
		{6857C709-A0B5-41DB-8B39-EF40350E0C8C}.Release|x64.ActiveCfg = Release|x64
		{6857C709-A0B5-41DB-8B39-EF40350E0C8C}.Release|x64.Build.0 = Release|x64
		{6857C709-A0B5-41DB-8B39-EF40350E0C8C}.ReleaseDLL|Win32.ActiveCfg = ReleaseDLL|Win32
		{6857C709-A0B5-41DB-8B39-EF40350E0C8C}.ReleaseDLL|Win32.Build.0 = ReleaseDLL|Win32
		{6857C709-A0B5-41DB-8B39-EF40350E0C8C}.ReleaseDLL|x64.ActiveCfg = ReleaseDLL|x64
		{6857C709-A0B5-41DB-8B39-EF40350E0C8C}.ReleaseDLL|x64.Build.0 = ReleaseDLL|x64
		{66A8B567-5430-4B31-8D44-69FF2A110B87}.Debug|Win32.ActiveCfg = Debug|Win32
		{66A8B567-5430-4B31-8D44-69FF2A110B87}.Debug|Win32.Build.0 = Debug|Win32
		{66A8B567-5430-4B31-8D44-69FF2A110B87}.Debug|x64.ActiveCfg = Debug|x64
		{66A8B567-5430-4B31-8D44-69FF2A110B87}.Debug|x64.Build.0 = Debug|x64
		{66A8B567-5430-4B31-8D44-69FF2A110B87}.DebugDLL|Win32.ActiveCfg = DebugDLL|Win32
		{66A8B567-5430-4B31-8D44-69FF2A110B87}.DebugDLL|Win32.Build.0 = DebugDLL|Win32
		{66A8B567-5430-4B31-8D44-69FF2A110B87}.DebugDLL|x64.ActiveCfg = DebugDLL|x64
		{66A8B567-5430-4B31-8D44-69FF2A110B87}.DebugDLL|x64.Build.0 = DebugDLL|x64
		{66A8B567-5430-4B31-8D44-69FF2A110B87}.Release|Win32.ActiveCfg = Release|Win32
		{66A8B567-5430-4B31-8D44-69FF2A110B87}.Release|Win32.Build.0 = Release|Win32
		{66A8B567-5430-4B31-8D44-69FF2A110B87}.Release|x64.ActiveCfg = Release|x64
		{66A8B567-5430-4B31-8D44-69FF2A110B87}.Release|x64.Build.0 = Release|x64
		{66A8B567-5430-4B31-8D44-69FF2A110B87}.ReleaseDLL|Win32.ActiveCfg = ReleaseDLL|Win32
		{66A8B567-5430-4B31-8D44-69FF2A110B87}.ReleaseDLL|Win32.Build.0 = ReleaseDLL|Win32
		{66A8B567-5430-4B31-8D44-69FF2A110B87}.ReleaseDLL|x64.ActiveCfg = ReleaseDLL|x64
		{66A8B567-5430-4B31-8D44-69FF2A110B87}.ReleaseDLL|x64.Build.0 = ReleaseDLL|x64
		{BCC48F01-E9A5-4E2E-859F-B64B972D13BA}.Debug|Win32.ActiveCfg = Debug|Win32
		{BCC48F01-E9A5-4E2E-859F-B64B972D13BA}.Debug|Win32.Build.0 = Debug|Win32
		{BCC48F01-E9A5-4E2E-859F-B64B972D13BA}.Debug|x64.ActiveCfg = Debug|x64
		{BCC48F01-E9A5-4E2E-859F-B64B972D13BA}.Debug|x64.Build.0 = Debug|x64
		{BCC48F01-E9A5-4E2E-859F-B64B972D13BA}.DebugDLL|Win32.ActiveCfg = DebugDLL|Win32
		{BCC48F01-E9A5-4E2E-859F-B64B972D13BA}.DebugDLL|Win32.Build.0 = DebugDLL|Win32
		{BCC48F01-E9A5-4E2E-859F-B64B972D13BA}.DebugDLL|x64.ActiveCfg = DebugDLL|x64
		{BCC48F01-E9A5-4E2E-859F-B64B972D13BA}.DebugDLL|x64.Build.0 = DebugDLL|x64
		{BCC48F01-E9A5-4E2E-859F-B64B972D13BA}.Release|Win32.ActiveCfg = Release|Win32
		{BCC48F01-E9A5-4E2E-859F-B64B972D13BA}.Release|Win32.Build.0 = Release|Win32
		{BCC48F01-E9A5-4E2E-859F-B64B972D13BA}.Release|x64.ActiveCfg = Release|x64
		{BCC48F01-E9A5-4E2E-859F-B64B972D13BA}.Release|x64.Build.0 = Release|x64
		{BCC48F01-E9A5-4E2E-859F-B64B972D13BA}.ReleaseDLL|Win32.ActiveCfg = ReleaseDLL|Win32
		{BCC48F01-E9A5-4E2E-859F-B64B972D13BA}.ReleaseDLL|Win32.Build.0 = ReleaseDLL|Win32
		{BCC48F01-E9A5-4E2E-859F-B64B972D13BA}.ReleaseDLL|x64.ActiveCfg = ReleaseDLL|x64
		{BCC48F01-E9A5-4E2E-859F-B64B972D13BA}.ReleaseDLL|x64.Build.0 = ReleaseDLL|x64
	EndGlobalSection
	GlobalSection(SolutionProperties) = preSolution
		HideSolutionNode = FALSE
	EndGlobalSection
EndGlobal
